// !$*UTF8*$!
{
	archiveVersion = 1;
	classes = {
	};
	objectVersion = 46;
	objects = {

/* Begin PBXBuildFile section */
		25BEBAFF1D07FACE00057295 /* AppDelegate.m in Sources */ = {isa = PBXBuildFile; fileRef = 25BEBAF71D07FACE00057295 /* AppDelegate.m */; };
		25BEBB031D07FB7600057295 /* NavigationController.m in Sources */ = {isa = PBXBuildFile; fileRef = 25BEBB021D07FB7600057295 /* NavigationController.m */; };
		25BEBB051D07FBE000057295 /* Assets.xcassets in Resources */ = {isa = PBXBuildFile; fileRef = 25BEBB041D07FBE000057295 /* Assets.xcassets */; };
		25BEBB0F1D07FED000057295 /* UIView+Extension.m in Sources */ = {isa = PBXBuildFile; fileRef = 25BEBB0B1D07FED000057295 /* UIView+Extension.m */; };
		25BEBB101D07FED000057295 /* HttpTool.m in Sources */ = {isa = PBXBuildFile; fileRef = 25BEBB0E1D07FED000057295 /* HttpTool.m */; };
		25BEBB131D07FF9A00057295 /* TabBarController.m in Sources */ = {isa = PBXBuildFile; fileRef = 25BEBB121D07FF9A00057295 /* TabBarController.m */; };
		25BEBB251D08019600057295 /* EssenceViewController.m in Sources */ = {isa = PBXBuildFile; fileRef = 25BEBB221D08019600057295 /* EssenceViewController.m */; };
		25BEBB391D08022700057295 /* MeViewController.m in Sources */ = {isa = PBXBuildFile; fileRef = 25BEBB381D08022700057295 /* MeViewController.m */; };
		25BEBB3C1D08025A00057295 /* NewViewController.m in Sources */ = {isa = PBXBuildFile; fileRef = 25BEBB3B1D08025A00057295 /* NewViewController.m */; };
		25BEBB451D08036500057295 /* FriendTrendViewController.m in Sources */ = {isa = PBXBuildFile; fileRef = 25BEBB431D08036500057295 /* FriendTrendViewController.m */; };
		25BEBB461D08036500057295 /* FriendTrendViewController.xib in Resources */ = {isa = PBXBuildFile; fileRef = 25BEBB441D08036500057295 /* FriendTrendViewController.xib */; };
		25BEBB491D08084B00057295 /* TopicViewController.m in Sources */ = {isa = PBXBuildFile; fileRef = 25BEBB481D08084B00057295 /* TopicViewController.m */; };
		25DA3EDA1D1BBBC40066A79E /* AlertTool.m in Sources */ = {isa = PBXBuildFile; fileRef = 25DA3ED91D1BBBC40066A79E /* AlertTool.m */; };
		25DA3EDD1D1BBD600066A79E /* UIBarButtonItem+Extension.m in Sources */ = {isa = PBXBuildFile; fileRef = 25DA3EDC1D1BBD600066A79E /* UIBarButtonItem+Extension.m */; };
		25DA3EE31D1BBEC30066A79E /* AllTableViewController.m in Sources */ = {isa = PBXBuildFile; fileRef = 25DA3EE21D1BBEC30066A79E /* AllTableViewController.m */; };
		25DA3EE61D1BBED80066A79E /* VideoTableViewController.m in Sources */ = {isa = PBXBuildFile; fileRef = 25DA3EE51D1BBED80066A79E /* VideoTableViewController.m */; };
		25DA3EE91D1BBEEB0066A79E /* SoundTableViewController.m in Sources */ = {isa = PBXBuildFile; fileRef = 25DA3EE81D1BBEEB0066A79E /* SoundTableViewController.m */; };
		25DA3EEC1D1BBEFD0066A79E /* PictureTableViewController.m in Sources */ = {isa = PBXBuildFile; fileRef = 25DA3EEB1D1BBEFD0066A79E /* PictureTableViewController.m */; };
		25DA3EEF1D1BBF0B0066A79E /* WordTableViewController.m in Sources */ = {isa = PBXBuildFile; fileRef = 25DA3EEE1D1BBF0B0066A79E /* WordTableViewController.m */; };
		25DA3EF21D1BC1C60066A79E /* Const.m in Sources */ = {isa = PBXBuildFile; fileRef = 25DA3EF11D1BC1C60066A79E /* Const.m */; };
		25DA3EF61D1BCD110066A79E /* TopicsCell.m in Sources */ = {isa = PBXBuildFile; fileRef = 25DA3EF41D1BCD110066A79E /* TopicsCell.m */; };
		25DA3EF71D1BCD110066A79E /* TopicsCell.xib in Resources */ = {isa = PBXBuildFile; fileRef = 25DA3EF51D1BCD110066A79E /* TopicsCell.xib */; };
		25DA3EFA1D1BCE310066A79E /* WordModel.m in Sources */ = {isa = PBXBuildFile; fileRef = 25DA3EF91D1BCE310066A79E /* WordModel.m */; };
		25DA3EFD1D1BDB120066A79E /* NSDate+Extension.m in Sources */ = {isa = PBXBuildFile; fileRef = 25DA3EFC1D1BDB120066A79E /* NSDate+Extension.m */; };
		25DA3F021D1BDB7A0066A79E /* User.m in Sources */ = {isa = PBXBuildFile; fileRef = 25DA3EFF1D1BDB7A0066A79E /* User.m */; };
		25DA3F031D1BDB7A0066A79E /* Commend.m in Sources */ = {isa = PBXBuildFile; fileRef = 25DA3F011D1BDB7A0066A79E /* Commend.m */; };
		25EA6F3D1CF7EDE3004C1FF1 /* main.m in Sources */ = {isa = PBXBuildFile; fileRef = 25EA6F3C1CF7EDE3004C1FF1 /* main.m */; };
		25EA6F461CF7EDE3004C1FF1 /* Main.storyboard in Resources */ = {isa = PBXBuildFile; fileRef = 25EA6F441CF7EDE3004C1FF1 /* Main.storyboard */; };
		25EA6F4B1CF7EDE3004C1FF1 /* LaunchScreen.storyboard in Resources */ = {isa = PBXBuildFile; fileRef = 25EA6F491CF7EDE3004C1FF1 /* LaunchScreen.storyboard */; };
		25EA6F561CF7EDE3004C1FF1 /* MyAppTests.m in Sources */ = {isa = PBXBuildFile; fileRef = 25EA6F551CF7EDE3004C1FF1 /* MyAppTests.m */; };
		25EA6F611CF7EDE3004C1FF1 /* MyAppUITests.m in Sources */ = {isa = PBXBuildFile; fileRef = 25EA6F601CF7EDE3004C1FF1 /* MyAppUITests.m */; };
		55F202208DF95D759486640A /* libPods.a in Frameworks */ = {isa = PBXBuildFile; fileRef = 9F93A56B374D4B9541B3D215 /* libPods.a */; };
/* End PBXBuildFile section */

/* Begin PBXContainerItemProxy section */
		25EA6F521CF7EDE3004C1FF1 /* PBXContainerItemProxy */ = {
			isa = PBXContainerItemProxy;
			containerPortal = 25EA6F301CF7EDE3004C1FF1 /* Project object */;
			proxyType = 1;
			remoteGlobalIDString = 25EA6F371CF7EDE3004C1FF1;
			remoteInfo = MyApp;
		};
		25EA6F5D1CF7EDE3004C1FF1 /* PBXContainerItemProxy */ = {
			isa = PBXContainerItemProxy;
			containerPortal = 25EA6F301CF7EDE3004C1FF1 /* Project object */;
			proxyType = 1;
			remoteGlobalIDString = 25EA6F371CF7EDE3004C1FF1;
			remoteInfo = MyApp;
		};
/* End PBXContainerItemProxy section */

/* Begin PBXFileReference section */
		0F22EEEB96FF85D4D7D9F3F7 /* Pods.release.xcconfig */ = {isa = PBXFileReference; includeInIndex = 1; lastKnownFileType = text.xcconfig; name = Pods.release.xcconfig; path = "Pods/Target Support Files/Pods/Pods.release.xcconfig"; sourceTree = "<group>"; };
		25BEBAF61D07FACE00057295 /* AppDelegate.h */ = {isa = PBXFileReference; fileEncoding = 4; lastKnownFileType = sourcecode.c.h; path = AppDelegate.h; sourceTree = "<group>"; };
		25BEBAF71D07FACE00057295 /* AppDelegate.m */ = {isa = PBXFileReference; fileEncoding = 4; lastKnownFileType = sourcecode.c.objc; path = AppDelegate.m; sourceTree = "<group>"; };
		25BEBB011D07FB7600057295 /* NavigationController.h */ = {isa = PBXFileReference; fileEncoding = 4; lastKnownFileType = sourcecode.c.h; path = NavigationController.h; sourceTree = "<group>"; };
		25BEBB021D07FB7600057295 /* NavigationController.m */ = {isa = PBXFileReference; fileEncoding = 4; lastKnownFileType = sourcecode.c.objc; path = NavigationController.m; sourceTree = "<group>"; };
		25BEBB041D07FBE000057295 /* Assets.xcassets */ = {isa = PBXFileReference; lastKnownFileType = folder.assetcatalog; path = Assets.xcassets; sourceTree = "<group>"; };
		25BEBB0A1D07FED000057295 /* UIView+Extension.h */ = {isa = PBXFileReference; fileEncoding = 4; lastKnownFileType = sourcecode.c.h; path = "UIView+Extension.h"; sourceTree = "<group>"; };
		25BEBB0B1D07FED000057295 /* UIView+Extension.m */ = {isa = PBXFileReference; fileEncoding = 4; lastKnownFileType = sourcecode.c.objc; path = "UIView+Extension.m"; sourceTree = "<group>"; };
		25BEBB0D1D07FED000057295 /* HttpTool.h */ = {isa = PBXFileReference; fileEncoding = 4; lastKnownFileType = sourcecode.c.h; path = HttpTool.h; sourceTree = "<group>"; };
		25BEBB0E1D07FED000057295 /* HttpTool.m */ = {isa = PBXFileReference; fileEncoding = 4; lastKnownFileType = sourcecode.c.objc; path = HttpTool.m; sourceTree = "<group>"; };
		25BEBB111D07FF9A00057295 /* TabBarController.h */ = {isa = PBXFileReference; fileEncoding = 4; lastKnownFileType = sourcecode.c.h; path = TabBarController.h; sourceTree = "<group>"; };
		25BEBB121D07FF9A00057295 /* TabBarController.m */ = {isa = PBXFileReference; fileEncoding = 4; lastKnownFileType = sourcecode.c.objc; path = TabBarController.m; sourceTree = "<group>"; };
		25BEBB211D08019600057295 /* EssenceViewController.h */ = {isa = PBXFileReference; fileEncoding = 4; lastKnownFileType = sourcecode.c.h; path = EssenceViewController.h; sourceTree = "<group>"; };
		25BEBB221D08019600057295 /* EssenceViewController.m */ = {isa = PBXFileReference; fileEncoding = 4; lastKnownFileType = sourcecode.c.objc; path = EssenceViewController.m; sourceTree = "<group>"; };
		25BEBB371D08022700057295 /* MeViewController.h */ = {isa = PBXFileReference; fileEncoding = 4; lastKnownFileType = sourcecode.c.h; path = MeViewController.h; sourceTree = "<group>"; };
		25BEBB381D08022700057295 /* MeViewController.m */ = {isa = PBXFileReference; fileEncoding = 4; lastKnownFileType = sourcecode.c.objc; path = MeViewController.m; sourceTree = "<group>"; };
		25BEBB3A1D08025A00057295 /* NewViewController.h */ = {isa = PBXFileReference; fileEncoding = 4; lastKnownFileType = sourcecode.c.h; path = NewViewController.h; sourceTree = "<group>"; };
		25BEBB3B1D08025A00057295 /* NewViewController.m */ = {isa = PBXFileReference; fileEncoding = 4; lastKnownFileType = sourcecode.c.objc; path = NewViewController.m; sourceTree = "<group>"; };
		25BEBB421D08036500057295 /* FriendTrendViewController.h */ = {isa = PBXFileReference; fileEncoding = 4; lastKnownFileType = sourcecode.c.h; path = FriendTrendViewController.h; sourceTree = "<group>"; };
		25BEBB431D08036500057295 /* FriendTrendViewController.m */ = {isa = PBXFileReference; fileEncoding = 4; lastKnownFileType = sourcecode.c.objc; path = FriendTrendViewController.m; sourceTree = "<group>"; };
		25BEBB441D08036500057295 /* FriendTrendViewController.xib */ = {isa = PBXFileReference; fileEncoding = 4; lastKnownFileType = file.xib; path = FriendTrendViewController.xib; sourceTree = "<group>"; };
		25BEBB471D08084B00057295 /* TopicViewController.h */ = {isa = PBXFileReference; fileEncoding = 4; lastKnownFileType = sourcecode.c.h; path = TopicViewController.h; sourceTree = "<group>"; };
		25BEBB481D08084B00057295 /* TopicViewController.m */ = {isa = PBXFileReference; fileEncoding = 4; lastKnownFileType = sourcecode.c.objc; path = TopicViewController.m; sourceTree = "<group>"; };
		25D5F0F91CFD64C9004ED29A /* PrefixHeader.pch */ = {isa = PBXFileReference; fileEncoding = 4; lastKnownFileType = sourcecode.c.h; path = PrefixHeader.pch; sourceTree = "<group>"; };
		25DA3ED81D1BBBC40066A79E /* AlertTool.h */ = {isa = PBXFileReference; fileEncoding = 4; lastKnownFileType = sourcecode.c.h; path = AlertTool.h; sourceTree = "<group>"; };
		25DA3ED91D1BBBC40066A79E /* AlertTool.m */ = {isa = PBXFileReference; fileEncoding = 4; lastKnownFileType = sourcecode.c.objc; path = AlertTool.m; sourceTree = "<group>"; };
		25DA3EDB1D1BBD600066A79E /* UIBarButtonItem+Extension.h */ = {isa = PBXFileReference; fileEncoding = 4; lastKnownFileType = sourcecode.c.h; path = "UIBarButtonItem+Extension.h"; sourceTree = "<group>"; };
		25DA3EDC1D1BBD600066A79E /* UIBarButtonItem+Extension.m */ = {isa = PBXFileReference; fileEncoding = 4; lastKnownFileType = sourcecode.c.objc; path = "UIBarButtonItem+Extension.m"; sourceTree = "<group>"; };
		25DA3EE11D1BBEC30066A79E /* AllTableViewController.h */ = {isa = PBXFileReference; fileEncoding = 4; lastKnownFileType = sourcecode.c.h; path = AllTableViewController.h; sourceTree = "<group>"; };
		25DA3EE21D1BBEC30066A79E /* AllTableViewController.m */ = {isa = PBXFileReference; fileEncoding = 4; lastKnownFileType = sourcecode.c.objc; path = AllTableViewController.m; sourceTree = "<group>"; };
		25DA3EE41D1BBED80066A79E /* VideoTableViewController.h */ = {isa = PBXFileReference; fileEncoding = 4; lastKnownFileType = sourcecode.c.h; path = VideoTableViewController.h; sourceTree = "<group>"; };
		25DA3EE51D1BBED80066A79E /* VideoTableViewController.m */ = {isa = PBXFileReference; fileEncoding = 4; lastKnownFileType = sourcecode.c.objc; path = VideoTableViewController.m; sourceTree = "<group>"; };
		25DA3EE71D1BBEEB0066A79E /* SoundTableViewController.h */ = {isa = PBXFileReference; fileEncoding = 4; lastKnownFileType = sourcecode.c.h; path = SoundTableViewController.h; sourceTree = "<group>"; };
		25DA3EE81D1BBEEB0066A79E /* SoundTableViewController.m */ = {isa = PBXFileReference; fileEncoding = 4; lastKnownFileType = sourcecode.c.objc; path = SoundTableViewController.m; sourceTree = "<group>"; };
		25DA3EEA1D1BBEFD0066A79E /* PictureTableViewController.h */ = {isa = PBXFileReference; fileEncoding = 4; lastKnownFileType = sourcecode.c.h; path = PictureTableViewController.h; sourceTree = "<group>"; };
		25DA3EEB1D1BBEFD0066A79E /* PictureTableViewController.m */ = {isa = PBXFileReference; fileEncoding = 4; lastKnownFileType = sourcecode.c.objc; path = PictureTableViewController.m; sourceTree = "<group>"; };
		25DA3EED1D1BBF0B0066A79E /* WordTableViewController.h */ = {isa = PBXFileReference; fileEncoding = 4; lastKnownFileType = sourcecode.c.h; path = WordTableViewController.h; sourceTree = "<group>"; };
		25DA3EEE1D1BBF0B0066A79E /* WordTableViewController.m */ = {isa = PBXFileReference; fileEncoding = 4; lastKnownFileType = sourcecode.c.objc; path = WordTableViewController.m; sourceTree = "<group>"; };
		25DA3EF01D1BC1C60066A79E /* Const.h */ = {isa = PBXFileReference; fileEncoding = 4; lastKnownFileType = sourcecode.c.h; path = Const.h; sourceTree = "<group>"; };
		25DA3EF11D1BC1C60066A79E /* Const.m */ = {isa = PBXFileReference; fileEncoding = 4; lastKnownFileType = sourcecode.c.objc; path = Const.m; sourceTree = "<group>"; };
		25DA3EF31D1BCD110066A79E /* TopicsCell.h */ = {isa = PBXFileReference; fileEncoding = 4; lastKnownFileType = sourcecode.c.h; path = TopicsCell.h; sourceTree = "<group>"; };
		25DA3EF41D1BCD110066A79E /* TopicsCell.m */ = {isa = PBXFileReference; fileEncoding = 4; lastKnownFileType = sourcecode.c.objc; path = TopicsCell.m; sourceTree = "<group>"; };
		25DA3EF51D1BCD110066A79E /* TopicsCell.xib */ = {isa = PBXFileReference; fileEncoding = 4; lastKnownFileType = file.xib; path = TopicsCell.xib; sourceTree = "<group>"; };
		25DA3EF81D1BCE310066A79E /* WordModel.h */ = {isa = PBXFileReference; fileEncoding = 4; lastKnownFileType = sourcecode.c.h; path = WordModel.h; sourceTree = "<group>"; };
		25DA3EF91D1BCE310066A79E /* WordModel.m */ = {isa = PBXFileReference; fileEncoding = 4; lastKnownFileType = sourcecode.c.objc; path = WordModel.m; sourceTree = "<group>"; };
		25DA3EFB1D1BDB120066A79E /* NSDate+Extension.h */ = {isa = PBXFileReference; fileEncoding = 4; lastKnownFileType = sourcecode.c.h; path = "NSDate+Extension.h"; sourceTree = "<group>"; };
		25DA3EFC1D1BDB120066A79E /* NSDate+Extension.m */ = {isa = PBXFileReference; fileEncoding = 4; lastKnownFileType = sourcecode.c.objc; path = "NSDate+Extension.m"; sourceTree = "<group>"; };
		25DA3EFE1D1BDB7A0066A79E /* User.h */ = {isa = PBXFileReference; fileEncoding = 4; lastKnownFileType = sourcecode.c.h; path = User.h; sourceTree = "<group>"; };
		25DA3EFF1D1BDB7A0066A79E /* User.m */ = {isa = PBXFileReference; fileEncoding = 4; lastKnownFileType = sourcecode.c.objc; path = User.m; sourceTree = "<group>"; };
		25DA3F001D1BDB7A0066A79E /* Commend.h */ = {isa = PBXFileReference; fileEncoding = 4; lastKnownFileType = sourcecode.c.h; path = Commend.h; sourceTree = "<group>"; };
		25DA3F011D1BDB7A0066A79E /* Commend.m */ = {isa = PBXFileReference; fileEncoding = 4; lastKnownFileType = sourcecode.c.objc; path = Commend.m; sourceTree = "<group>"; };
		25EA6F381CF7EDE3004C1FF1 /* MyApp.app */ = {isa = PBXFileReference; explicitFileType = wrapper.application; includeInIndex = 0; path = MyApp.app; sourceTree = BUILT_PRODUCTS_DIR; };
		25EA6F3C1CF7EDE3004C1FF1 /* main.m */ = {isa = PBXFileReference; lastKnownFileType = sourcecode.c.objc; path = main.m; sourceTree = "<group>"; };
		25EA6F451CF7EDE3004C1FF1 /* Base */ = {isa = PBXFileReference; lastKnownFileType = file.storyboard; name = Base; path = Base.lproj/Main.storyboard; sourceTree = "<group>"; };
		25EA6F4A1CF7EDE3004C1FF1 /* Base */ = {isa = PBXFileReference; lastKnownFileType = file.storyboard; name = Base; path = Base.lproj/LaunchScreen.storyboard; sourceTree = "<group>"; };
		25EA6F4C1CF7EDE3004C1FF1 /* Info.plist */ = {isa = PBXFileReference; lastKnownFileType = text.plist.xml; path = Info.plist; sourceTree = "<group>"; };
		25EA6F511CF7EDE3004C1FF1 /* MyAppTests.xctest */ = {isa = PBXFileReference; explicitFileType = wrapper.cfbundle; includeInIndex = 0; path = MyAppTests.xctest; sourceTree = BUILT_PRODUCTS_DIR; };
		25EA6F551CF7EDE3004C1FF1 /* MyAppTests.m */ = {isa = PBXFileReference; lastKnownFileType = sourcecode.c.objc; path = MyAppTests.m; sourceTree = "<group>"; };
		25EA6F571CF7EDE3004C1FF1 /* Info.plist */ = {isa = PBXFileReference; lastKnownFileType = text.plist.xml; path = Info.plist; sourceTree = "<group>"; };
		25EA6F5C1CF7EDE3004C1FF1 /* MyAppUITests.xctest */ = {isa = PBXFileReference; explicitFileType = wrapper.cfbundle; includeInIndex = 0; path = MyAppUITests.xctest; sourceTree = BUILT_PRODUCTS_DIR; };
		25EA6F601CF7EDE3004C1FF1 /* MyAppUITests.m */ = {isa = PBXFileReference; lastKnownFileType = sourcecode.c.objc; path = MyAppUITests.m; sourceTree = "<group>"; };
		25EA6F621CF7EDE3004C1FF1 /* Info.plist */ = {isa = PBXFileReference; lastKnownFileType = text.plist.xml; path = Info.plist; sourceTree = "<group>"; };
		9F93A56B374D4B9541B3D215 /* libPods.a */ = {isa = PBXFileReference; explicitFileType = archive.ar; includeInIndex = 0; path = libPods.a; sourceTree = BUILT_PRODUCTS_DIR; };
		D4D2AED2A7273C537843CB3B /* Pods.debug.xcconfig */ = {isa = PBXFileReference; includeInIndex = 1; lastKnownFileType = text.xcconfig; name = Pods.debug.xcconfig; path = "Pods/Target Support Files/Pods/Pods.debug.xcconfig"; sourceTree = "<group>"; };
/* End PBXFileReference section */

/* Begin PBXFrameworksBuildPhase section */
		25EA6F351CF7EDE3004C1FF1 /* Frameworks */ = {
			isa = PBXFrameworksBuildPhase;
			buildActionMask = 2147483647;
			files = (
				55F202208DF95D759486640A /* libPods.a in Frameworks */,
			);
			runOnlyForDeploymentPostprocessing = 0;
		};
		25EA6F4E1CF7EDE3004C1FF1 /* Frameworks */ = {
			isa = PBXFrameworksBuildPhase;
			buildActionMask = 2147483647;
			files = (
			);
			runOnlyForDeploymentPostprocessing = 0;
		};
		25EA6F591CF7EDE3004C1FF1 /* Frameworks */ = {
			isa = PBXFrameworksBuildPhase;
			buildActionMask = 2147483647;
			files = (
			);
			runOnlyForDeploymentPostprocessing = 0;
		};
/* End PBXFrameworksBuildPhase section */

/* Begin PBXGroup section */
		0CDEAF447A45C2F1ACB1F3A5 /* Frameworks */ = {
			isa = PBXGroup;
			children = (
				9F93A56B374D4B9541B3D215 /* libPods.a */,
			);
			name = Frameworks;
			sourceTree = "<group>";
		};
		25BEBAF51D07FACE00057295 /* AppDelegate */ = {
			isa = PBXGroup;
			children = (
				25BEBAF61D07FACE00057295 /* AppDelegate.h */,
				25BEBAF71D07FACE00057295 /* AppDelegate.m */,
			);
			path = AppDelegate;
			sourceTree = "<group>";
		};
		25BEBAF81D07FACE00057295 /* General */ = {
			isa = PBXGroup;
			children = (
				25BEBB011D07FB7600057295 /* NavigationController.h */,
				25BEBB021D07FB7600057295 /* NavigationController.m */,
				25BEBB111D07FF9A00057295 /* TabBarController.h */,
				25BEBB121D07FF9A00057295 /* TabBarController.m */,
			);
			path = General;
			sourceTree = "<group>";
		};
		25BEBAF91D07FACE00057295 /* Helpers */ = {
			isa = PBXGroup;
			children = (
				25BEBB091D07FED000057295 /* Extension */,
				25BEBB0C1D07FED000057295 /* Tools */,
			);
			path = Helpers;
			sourceTree = "<group>";
		};
		25BEBAFC1D07FACE00057295 /* Marco */ = {
			isa = PBXGroup;
			children = (
				25DA3EF01D1BC1C60066A79E /* Const.h */,
				25DA3EF11D1BC1C60066A79E /* Const.m */,
			);
			path = Marco;
			sourceTree = "<group>";
		};
		25BEBAFD1D07FACE00057295 /* Resources */ = {
			isa = PBXGroup;
			children = (
			);
			path = Resources;
			sourceTree = "<group>";
		};
		25BEBAFE1D07FACE00057295 /* Sections */ = {
			isa = PBXGroup;
			children = (
				25BEBB141D08009C00057295 /* Essences */,
				25BEBB151D08009C00057295 /* Focus */,
				25BEBB161D08009C00057295 /* Me */,
				25BEBB171D08009C00057295 /* New */,
			);
			path = Sections;
			sourceTree = "<group>";
		};
		25BEBB091D07FED000057295 /* Extension */ = {
			isa = PBXGroup;
			children = (
				25DA3EDB1D1BBD600066A79E /* UIBarButtonItem+Extension.h */,
				25DA3EDC1D1BBD600066A79E /* UIBarButtonItem+Extension.m */,
				25BEBB0A1D07FED000057295 /* UIView+Extension.h */,
				25BEBB0B1D07FED000057295 /* UIView+Extension.m */,
				25DA3EFB1D1BDB120066A79E /* NSDate+Extension.h */,
				25DA3EFC1D1BDB120066A79E /* NSDate+Extension.m */,
			);
			path = Extension;
			sourceTree = "<group>";
		};
		25BEBB0C1D07FED000057295 /* Tools */ = {
			isa = PBXGroup;
			children = (
				25BEBB0D1D07FED000057295 /* HttpTool.h */,
				25BEBB0E1D07FED000057295 /* HttpTool.m */,
				25DA3ED81D1BBBC40066A79E /* AlertTool.h */,
				25DA3ED91D1BBBC40066A79E /* AlertTool.m */,
			);
			path = Tools;
			sourceTree = "<group>";
		};
		25BEBB141D08009C00057295 /* Essences */ = {
			isa = PBXGroup;
			children = (
				25BEBB201D08019600057295 /* Controllers */,
				25BEBB231D08019600057295 /* Models */,
				25BEBB241D08019600057295 /* Views */,
			);
			path = Essences;
			sourceTree = "<group>";
		};
		25BEBB151D08009C00057295 /* Focus */ = {
			isa = PBXGroup;
			children = (
				25BEBB261D0801A600057295 /* Controllers */,
				25BEBB2C1D0801A600057295 /* Models */,
				25BEBB2D1D0801A600057295 /* Views */,
			);
			path = Focus;
			sourceTree = "<group>";
		};
		25BEBB161D08009C00057295 /* Me */ = {
			isa = PBXGroup;
			children = (
				25BEBB311D0801F200057295 /* Controllers */,
				25BEBB321D0801F200057295 /* Models */,
				25BEBB331D0801F200057295 /* Views */,
			);
			path = Me;
			sourceTree = "<group>";
		};
		25BEBB171D08009C00057295 /* New */ = {
			isa = PBXGroup;
			children = (
				25BEBB341D0801FE00057295 /* Controllers */,
				25BEBB351D0801FE00057295 /* Models */,
				25BEBB361D0801FE00057295 /* Views */,
			);
			path = New;
			sourceTree = "<group>";
		};
		25BEBB201D08019600057295 /* Controllers */ = {
			isa = PBXGroup;
			children = (
				25BEBB211D08019600057295 /* EssenceViewController.h */,
				25BEBB221D08019600057295 /* EssenceViewController.m */,
				25BEBB471D08084B00057295 /* TopicViewController.h */,
				25BEBB481D08084B00057295 /* TopicViewController.m */,
				25DA3EE11D1BBEC30066A79E /* AllTableViewController.h */,
				25DA3EE21D1BBEC30066A79E /* AllTableViewController.m */,
				25DA3EE41D1BBED80066A79E /* VideoTableViewController.h */,
				25DA3EE51D1BBED80066A79E /* VideoTableViewController.m */,
				25DA3EE71D1BBEEB0066A79E /* SoundTableViewController.h */,
				25DA3EE81D1BBEEB0066A79E /* SoundTableViewController.m */,
				25DA3EEA1D1BBEFD0066A79E /* PictureTableViewController.h */,
				25DA3EEB1D1BBEFD0066A79E /* PictureTableViewController.m */,
				25DA3EED1D1BBF0B0066A79E /* WordTableViewController.h */,
				25DA3EEE1D1BBF0B0066A79E /* WordTableViewController.m */,
			);
			path = Controllers;
			sourceTree = "<group>";
		};
		25BEBB231D08019600057295 /* Models */ = {
			isa = PBXGroup;
			children = (
				25DA3EF81D1BCE310066A79E /* WordModel.h */,
				25DA3EF91D1BCE310066A79E /* WordModel.m */,
				25DA3EFE1D1BDB7A0066A79E /* User.h */,
				25DA3EFF1D1BDB7A0066A79E /* User.m */,
				25DA3F001D1BDB7A0066A79E /* Commend.h */,
				25DA3F011D1BDB7A0066A79E /* Commend.m */,
			);
			path = Models;
			sourceTree = "<group>";
		};
		25BEBB241D08019600057295 /* Views */ = {
			isa = PBXGroup;
			children = (
				25DA3EF31D1BCD110066A79E /* TopicsCell.h */,
				25DA3EF41D1BCD110066A79E /* TopicsCell.m */,
				25DA3EF51D1BCD110066A79E /* TopicsCell.xib */,
			);
			path = Views;
			sourceTree = "<group>";
		};
		25BEBB261D0801A600057295 /* Controllers */ = {
			isa = PBXGroup;
			children = (
				25BEBB421D08036500057295 /* FriendTrendViewController.h */,
				25BEBB431D08036500057295 /* FriendTrendViewController.m */,
				25BEBB441D08036500057295 /* FriendTrendViewController.xib */,
			);
			path = Controllers;
			sourceTree = "<group>";
		};
		25BEBB2C1D0801A600057295 /* Models */ = {
			isa = PBXGroup;
			children = (
			);
			path = Models;
			sourceTree = "<group>";
		};
		25BEBB2D1D0801A600057295 /* Views */ = {
			isa = PBXGroup;
			children = (
			);
			path = Views;
			sourceTree = "<group>";
		};
		25BEBB311D0801F200057295 /* Controllers */ = {
			isa = PBXGroup;
			children = (
				25BEBB371D08022700057295 /* MeViewController.h */,
				25BEBB381D08022700057295 /* MeViewController.m */,
			);
			path = Controllers;
			sourceTree = "<group>";
		};
		25BEBB321D0801F200057295 /* Models */ = {
			isa = PBXGroup;
			children = (
			);
			path = Models;
			sourceTree = "<group>";
		};
		25BEBB331D0801F200057295 /* Views */ = {
			isa = PBXGroup;
			children = (
			);
			path = Views;
			sourceTree = "<group>";
		};
		25BEBB341D0801FE00057295 /* Controllers */ = {
			isa = PBXGroup;
			children = (
				25BEBB3A1D08025A00057295 /* NewViewController.h */,
				25BEBB3B1D08025A00057295 /* NewViewController.m */,
			);
			path = Controllers;
			sourceTree = "<group>";
		};
		25BEBB351D0801FE00057295 /* Models */ = {
			isa = PBXGroup;
			children = (
			);
			path = Models;
			sourceTree = "<group>";
		};
		25BEBB361D0801FE00057295 /* Views */ = {
			isa = PBXGroup;
			children = (
			);
			path = Views;
			sourceTree = "<group>";
		};
		25EA6F2F1CF7EDE3004C1FF1 = {
			isa = PBXGroup;
			children = (
				25EA6F3A1CF7EDE3004C1FF1 /* MyApp */,
				25EA6F541CF7EDE3004C1FF1 /* MyAppTests */,
				25EA6F5F1CF7EDE3004C1FF1 /* MyAppUITests */,
				25EA6F391CF7EDE3004C1FF1 /* Products */,
				E0BB7EA772A2257CC92207EF /* Pods */,
				0CDEAF447A45C2F1ACB1F3A5 /* Frameworks */,
			);
			sourceTree = "<group>";
		};
		25EA6F391CF7EDE3004C1FF1 /* Products */ = {
			isa = PBXGroup;
			children = (
				25EA6F381CF7EDE3004C1FF1 /* MyApp.app */,
				25EA6F511CF7EDE3004C1FF1 /* MyAppTests.xctest */,
				25EA6F5C1CF7EDE3004C1FF1 /* MyAppUITests.xctest */,
			);
			name = Products;
			sourceTree = "<group>";
		};
		25EA6F3A1CF7EDE3004C1FF1 /* MyApp */ = {
			isa = PBXGroup;
			children = (
				25BEBAF51D07FACE00057295 /* AppDelegate */,
				25BEBAFE1D07FACE00057295 /* Sections */,
				25BEBAF81D07FACE00057295 /* General */,
				25BEBAF91D07FACE00057295 /* Helpers */,
				25BEBAFC1D07FACE00057295 /* Marco */,
				25BEBAFD1D07FACE00057295 /* Resources */,
				25BEBB041D07FBE000057295 /* Assets.xcassets */,
				25EA6F441CF7EDE3004C1FF1 /* Main.storyboard */,
				25EA6F491CF7EDE3004C1FF1 /* LaunchScreen.storyboard */,
				25EA6F3B1CF7EDE3004C1FF1 /* Supporting Files */,
			);
			path = MyApp;
			sourceTree = "<group>";
		};
		25EA6F3B1CF7EDE3004C1FF1 /* Supporting Files */ = {
			isa = PBXGroup;
			children = (
				25EA6F4C1CF7EDE3004C1FF1 /* Info.plist */,
				25EA6F3C1CF7EDE3004C1FF1 /* main.m */,
				25D5F0F91CFD64C9004ED29A /* PrefixHeader.pch */,
			);
			name = "Supporting Files";
			sourceTree = "<group>";
		};
		25EA6F541CF7EDE3004C1FF1 /* MyAppTests */ = {
			isa = PBXGroup;
			children = (
				25EA6F551CF7EDE3004C1FF1 /* MyAppTests.m */,
				25EA6F571CF7EDE3004C1FF1 /* Info.plist */,
			);
			path = MyAppTests;
			sourceTree = "<group>";
		};
		25EA6F5F1CF7EDE3004C1FF1 /* MyAppUITests */ = {
			isa = PBXGroup;
			children = (
				25EA6F601CF7EDE3004C1FF1 /* MyAppUITests.m */,
				25EA6F621CF7EDE3004C1FF1 /* Info.plist */,
			);
			path = MyAppUITests;
			sourceTree = "<group>";
		};
		E0BB7EA772A2257CC92207EF /* Pods */ = {
			isa = PBXGroup;
			children = (
				D4D2AED2A7273C537843CB3B /* Pods.debug.xcconfig */,
				0F22EEEB96FF85D4D7D9F3F7 /* Pods.release.xcconfig */,
			);
			name = Pods;
			sourceTree = "<group>";
		};
/* End PBXGroup section */

/* Begin PBXNativeTarget section */
		25EA6F371CF7EDE3004C1FF1 /* MyApp */ = {
			isa = PBXNativeTarget;
			buildConfigurationList = 25EA6F651CF7EDE3004C1FF1 /* Build configuration list for PBXNativeTarget "MyApp" */;
			buildPhases = (
				3F7ABACFD1FBDCDAB26111C7 /* Check Pods Manifest.lock */,
				25EA6F341CF7EDE3004C1FF1 /* Sources */,
				25EA6F351CF7EDE3004C1FF1 /* Frameworks */,
				25EA6F361CF7EDE3004C1FF1 /* Resources */,
				37D2FCDDED4C9FCE9A0F15B4 /* Embed Pods Frameworks */,
				EEB3853C38ECCCA453E0A3D8 /* Copy Pods Resources */,
			);
			buildRules = (
			);
			dependencies = (
			);
			name = MyApp;
			productName = MyApp;
			productReference = 25EA6F381CF7EDE3004C1FF1 /* MyApp.app */;
			productType = "com.apple.product-type.application";
		};
		25EA6F501CF7EDE3004C1FF1 /* MyAppTests */ = {
			isa = PBXNativeTarget;
			buildConfigurationList = 25EA6F681CF7EDE3004C1FF1 /* Build configuration list for PBXNativeTarget "MyAppTests" */;
			buildPhases = (
				25EA6F4D1CF7EDE3004C1FF1 /* Sources */,
				25EA6F4E1CF7EDE3004C1FF1 /* Frameworks */,
				25EA6F4F1CF7EDE3004C1FF1 /* Resources */,
			);
			buildRules = (
			);
			dependencies = (
				25EA6F531CF7EDE3004C1FF1 /* PBXTargetDependency */,
			);
			name = MyAppTests;
			productName = MyAppTests;
			productReference = 25EA6F511CF7EDE3004C1FF1 /* MyAppTests.xctest */;
			productType = "com.apple.product-type.bundle.unit-test";
		};
		25EA6F5B1CF7EDE3004C1FF1 /* MyAppUITests */ = {
			isa = PBXNativeTarget;
			buildConfigurationList = 25EA6F6B1CF7EDE3004C1FF1 /* Build configuration list for PBXNativeTarget "MyAppUITests" */;
			buildPhases = (
				25EA6F581CF7EDE3004C1FF1 /* Sources */,
				25EA6F591CF7EDE3004C1FF1 /* Frameworks */,
				25EA6F5A1CF7EDE3004C1FF1 /* Resources */,
			);
			buildRules = (
			);
			dependencies = (
				25EA6F5E1CF7EDE3004C1FF1 /* PBXTargetDependency */,
			);
			name = MyAppUITests;
			productName = MyAppUITests;
			productReference = 25EA6F5C1CF7EDE3004C1FF1 /* MyAppUITests.xctest */;
			productType = "com.apple.product-type.bundle.ui-testing";
		};
/* End PBXNativeTarget section */

/* Begin PBXProject section */
		25EA6F301CF7EDE3004C1FF1 /* Project object */ = {
			isa = PBXProject;
			attributes = {
				LastUpgradeCheck = 0720;
				ORGANIZATIONNAME = DengTianran;
				TargetAttributes = {
					25EA6F371CF7EDE3004C1FF1 = {
						CreatedOnToolsVersion = 7.2.1;
					};
					25EA6F501CF7EDE3004C1FF1 = {
						CreatedOnToolsVersion = 7.2.1;
						TestTargetID = 25EA6F371CF7EDE3004C1FF1;
					};
					25EA6F5B1CF7EDE3004C1FF1 = {
						CreatedOnToolsVersion = 7.2.1;
						TestTargetID = 25EA6F371CF7EDE3004C1FF1;
					};
				};
			};
			buildConfigurationList = 25EA6F331CF7EDE3004C1FF1 /* Build configuration list for PBXProject "MyApp" */;
			compatibilityVersion = "Xcode 3.2";
			developmentRegion = English;
			hasScannedForEncodings = 0;
			knownRegions = (
				en,
				Base,
			);
			mainGroup = 25EA6F2F1CF7EDE3004C1FF1;
			productRefGroup = 25EA6F391CF7EDE3004C1FF1 /* Products */;
			projectDirPath = "";
			projectRoot = "";
			targets = (
				25EA6F371CF7EDE3004C1FF1 /* MyApp */,
				25EA6F501CF7EDE3004C1FF1 /* MyAppTests */,
				25EA6F5B1CF7EDE3004C1FF1 /* MyAppUITests */,
			);
		};
/* End PBXProject section */

/* Begin PBXResourcesBuildPhase section */
		25EA6F361CF7EDE3004C1FF1 /* Resources */ = {
			isa = PBXResourcesBuildPhase;
			buildActionMask = 2147483647;
			files = (
				25EA6F4B1CF7EDE3004C1FF1 /* LaunchScreen.storyboard in Resources */,
				25DA3EF71D1BCD110066A79E /* TopicsCell.xib in Resources */,
				25BEBB051D07FBE000057295 /* Assets.xcassets in Resources */,
				25BEBB461D08036500057295 /* FriendTrendViewController.xib in Resources */,
				25EA6F461CF7EDE3004C1FF1 /* Main.storyboard in Resources */,
			);
			runOnlyForDeploymentPostprocessing = 0;
		};
		25EA6F4F1CF7EDE3004C1FF1 /* Resources */ = {
			isa = PBXResourcesBuildPhase;
			buildActionMask = 2147483647;
			files = (
			);
			runOnlyForDeploymentPostprocessing = 0;
		};
		25EA6F5A1CF7EDE3004C1FF1 /* Resources */ = {
			isa = PBXResourcesBuildPhase;
			buildActionMask = 2147483647;
			files = (
			);
			runOnlyForDeploymentPostprocessing = 0;
		};
/* End PBXResourcesBuildPhase section */

/* Begin PBXShellScriptBuildPhase section */
		37D2FCDDED4C9FCE9A0F15B4 /* Embed Pods Frameworks */ = {
			isa = PBXShellScriptBuildPhase;
			buildActionMask = 2147483647;
			files = (
			);
			inputPaths = (
			);
			name = "Embed Pods Frameworks";
			outputPaths = (
			);
			runOnlyForDeploymentPostprocessing = 0;
			shellPath = /bin/sh;
			shellScript = "\"${SRCROOT}/Pods/Target Support Files/Pods/Pods-frameworks.sh\"\n";
			showEnvVarsInLog = 0;
		};
		3F7ABACFD1FBDCDAB26111C7 /* Check Pods Manifest.lock */ = {
			isa = PBXShellScriptBuildPhase;
			buildActionMask = 2147483647;
			files = (
			);
			inputPaths = (
			);
			name = "Check Pods Manifest.lock";
			outputPaths = (
			);
			runOnlyForDeploymentPostprocessing = 0;
			shellPath = /bin/sh;
			shellScript = "diff \"${PODS_ROOT}/../Podfile.lock\" \"${PODS_ROOT}/Manifest.lock\" > /dev/null\nif [[ $? != 0 ]] ; then\n    cat << EOM\nerror: The sandbox is not in sync with the Podfile.lock. Run 'pod install' or update your CocoaPods installation.\nEOM\n    exit 1\nfi\n";
			showEnvVarsInLog = 0;
		};
		EEB3853C38ECCCA453E0A3D8 /* Copy Pods Resources */ = {
			isa = PBXShellScriptBuildPhase;
			buildActionMask = 2147483647;
			files = (
			);
			inputPaths = (
			);
			name = "Copy Pods Resources";
			outputPaths = (
			);
			runOnlyForDeploymentPostprocessing = 0;
			shellPath = /bin/sh;
			shellScript = "\"${SRCROOT}/Pods/Target Support Files/Pods/Pods-resources.sh\"\n";
			showEnvVarsInLog = 0;
		};
/* End PBXShellScriptBuildPhase section */

/* Begin PBXSourcesBuildPhase section */
		25EA6F341CF7EDE3004C1FF1 /* Sources */ = {
			isa = PBXSourcesBuildPhase;
			buildActionMask = 2147483647;
			files = (
				25DA3EDA1D1BBBC40066A79E /* AlertTool.m in Sources */,
				25DA3EEC1D1BBEFD0066A79E /* PictureTableViewController.m in Sources */,
				25DA3EFD1D1BDB120066A79E /* NSDate+Extension.m in Sources */,
				25BEBB451D08036500057295 /* FriendTrendViewController.m in Sources */,
				25BEBB491D08084B00057295 /* TopicViewController.m in Sources */,
				25BEBB131D07FF9A00057295 /* TabBarController.m in Sources */,
				25BEBB0F1D07FED000057295 /* UIView+Extension.m in Sources */,
				25DA3F031D1BDB7A0066A79E /* Commend.m in Sources */,
				25DA3EE91D1BBEEB0066A79E /* SoundTableViewController.m in Sources */,
				25DA3EF21D1BC1C60066A79E /* Const.m in Sources */,
				25BEBB391D08022700057295 /* MeViewController.m in Sources */,
				25DA3EE61D1BBED80066A79E /* VideoTableViewController.m in Sources */,
				25DA3EFA1D1BCE310066A79E /* WordModel.m in Sources */,
				25DA3F021D1BDB7A0066A79E /* User.m in Sources */,
				25DA3EEF1D1BBF0B0066A79E /* WordTableViewController.m in Sources */,
				25EA6F3D1CF7EDE3004C1FF1 /* main.m in Sources */,
				25BEBB3C1D08025A00057295 /* NewViewController.m in Sources */,
				25BEBB031D07FB7600057295 /* NavigationController.m in Sources */,
				25DA3EE31D1BBEC30066A79E /* AllTableViewController.m in Sources */,
				25BEBAFF1D07FACE00057295 /* AppDelegate.m in Sources */,
				25DA3EDD1D1BBD600066A79E /* UIBarButtonItem+Extension.m in Sources */,
				25DA3EF61D1BCD110066A79E /* TopicsCell.m in Sources */,
				25BEBB101D07FED000057295 /* HttpTool.m in Sources */,
				25BEBB251D08019600057295 /* EssenceViewController.m in Sources */,
			);
			runOnlyForDeploymentPostprocessing = 0;
		};
		25EA6F4D1CF7EDE3004C1FF1 /* Sources */ = {
			isa = PBXSourcesBuildPhase;
			buildActionMask = 2147483647;
			files = (
				25EA6F561CF7EDE3004C1FF1 /* MyAppTests.m in Sources */,
			);
			runOnlyForDeploymentPostprocessing = 0;
		};
		25EA6F581CF7EDE3004C1FF1 /* Sources */ = {
			isa = PBXSourcesBuildPhase;
			buildActionMask = 2147483647;
			files = (
				25EA6F611CF7EDE3004C1FF1 /* MyAppUITests.m in Sources */,
			);
			runOnlyForDeploymentPostprocessing = 0;
		};
/* End PBXSourcesBuildPhase section */

/* Begin PBXTargetDependency section */
		25EA6F531CF7EDE3004C1FF1 /* PBXTargetDependency */ = {
			isa = PBXTargetDependency;
			target = 25EA6F371CF7EDE3004C1FF1 /* MyApp */;
			targetProxy = 25EA6F521CF7EDE3004C1FF1 /* PBXContainerItemProxy */;
		};
		25EA6F5E1CF7EDE3004C1FF1 /* PBXTargetDependency */ = {
			isa = PBXTargetDependency;
			target = 25EA6F371CF7EDE3004C1FF1 /* MyApp */;
			targetProxy = 25EA6F5D1CF7EDE3004C1FF1 /* PBXContainerItemProxy */;
		};
/* End PBXTargetDependency section */

/* Begin PBXVariantGroup section */
		25EA6F441CF7EDE3004C1FF1 /* Main.storyboard */ = {
			isa = PBXVariantGroup;
			children = (
				25EA6F451CF7EDE3004C1FF1 /* Base */,
			);
			name = Main.storyboard;
			sourceTree = "<group>";
		};
		25EA6F491CF7EDE3004C1FF1 /* LaunchScreen.storyboard */ = {
			isa = PBXVariantGroup;
			children = (
				25EA6F4A1CF7EDE3004C1FF1 /* Base */,
			);
			name = LaunchScreen.storyboard;
			sourceTree = "<group>";
		};
/* End PBXVariantGroup section */

/* Begin XCBuildConfiguration section */
		25EA6F631CF7EDE3004C1FF1 /* Debug */ = {
			isa = XCBuildConfiguration;
			buildSettings = {
				ALWAYS_SEARCH_USER_PATHS = NO;
				CLANG_CXX_LANGUAGE_STANDARD = "gnu++0x";
				CLANG_CXX_LIBRARY = "libc++";
				CLANG_ENABLE_MODULES = YES;
				CLANG_ENABLE_OBJC_ARC = YES;
				CLANG_WARN_BOOL_CONVERSION = YES;
				CLANG_WARN_CONSTANT_CONVERSION = YES;
				CLANG_WARN_DIRECT_OBJC_ISA_USAGE = YES_ERROR;
				CLANG_WARN_EMPTY_BODY = YES;
				CLANG_WARN_ENUM_CONVERSION = YES;
				CLANG_WARN_INT_CONVERSION = YES;
				CLANG_WARN_OBJC_ROOT_CLASS = YES_ERROR;
				CLANG_WARN_UNREACHABLE_CODE = YES;
				CLANG_WARN__DUPLICATE_METHOD_MATCH = YES;
				"CODE_SIGN_IDENTITY[sdk=iphoneos*]" = "iPhone Developer";
				COPY_PHASE_STRIP = NO;
				DEBUG_INFORMATION_FORMAT = dwarf;
				ENABLE_STRICT_OBJC_MSGSEND = YES;
				ENABLE_TESTABILITY = YES;
				GCC_C_LANGUAGE_STANDARD = gnu99;
				GCC_DYNAMIC_NO_PIC = NO;
				GCC_NO_COMMON_BLOCKS = YES;
				GCC_OPTIMIZATION_LEVEL = 0;
				GCC_PREPROCESSOR_DEFINITIONS = (
					"DEBUG=1",
					"$(inherited)",
				);
				GCC_WARN_64_TO_32_BIT_CONVERSION = YES;
				GCC_WARN_ABOUT_RETURN_TYPE = YES_ERROR;
				GCC_WARN_UNDECLARED_SELECTOR = YES;
				GCC_WARN_UNINITIALIZED_AUTOS = YES_AGGRESSIVE;
				GCC_WARN_UNUSED_FUNCTION = YES;
				GCC_WARN_UNUSED_VARIABLE = YES;
				IPHONEOS_DEPLOYMENT_TARGET = 9.2;
				MTL_ENABLE_DEBUG_INFO = YES;
				ONLY_ACTIVE_ARCH = YES;
				SDKROOT = iphoneos;
				TARGETED_DEVICE_FAMILY = "1,2";
			};
			name = Debug;
		};
		25EA6F641CF7EDE3004C1FF1 /* Release */ = {
			isa = XCBuildConfiguration;
			buildSettings = {
				ALWAYS_SEARCH_USER_PATHS = NO;
				CLANG_CXX_LANGUAGE_STANDARD = "gnu++0x";
				CLANG_CXX_LIBRARY = "libc++";
				CLANG_ENABLE_MODULES = YES;
				CLANG_ENABLE_OBJC_ARC = YES;
				CLANG_WARN_BOOL_CONVERSION = YES;
				CLANG_WARN_CONSTANT_CONVERSION = YES;
				CLANG_WARN_DIRECT_OBJC_ISA_USAGE = YES_ERROR;
				CLANG_WARN_EMPTY_BODY = YES;
				CLANG_WARN_ENUM_CONVERSION = YES;
				CLANG_WARN_INT_CONVERSION = YES;
				CLANG_WARN_OBJC_ROOT_CLASS = YES_ERROR;
				CLANG_WARN_UNREACHABLE_CODE = YES;
				CLANG_WARN__DUPLICATE_METHOD_MATCH = YES;
				"CODE_SIGN_IDENTITY[sdk=iphoneos*]" = "iPhone Developer";
				COPY_PHASE_STRIP = NO;
				DEBUG_INFORMATION_FORMAT = "dwarf-with-dsym";
				ENABLE_NS_ASSERTIONS = NO;
				ENABLE_STRICT_OBJC_MSGSEND = YES;
				GCC_C_LANGUAGE_STANDARD = gnu99;
				GCC_NO_COMMON_BLOCKS = YES;
				GCC_WARN_64_TO_32_BIT_CONVERSION = YES;
				GCC_WARN_ABOUT_RETURN_TYPE = YES_ERROR;
				GCC_WARN_UNDECLARED_SELECTOR = YES;
				GCC_WARN_UNINITIALIZED_AUTOS = YES_AGGRESSIVE;
				GCC_WARN_UNUSED_FUNCTION = YES;
				GCC_WARN_UNUSED_VARIABLE = YES;
				IPHONEOS_DEPLOYMENT_TARGET = 9.2;
				MTL_ENABLE_DEBUG_INFO = NO;
				SDKROOT = iphoneos;
				TARGETED_DEVICE_FAMILY = "1,2";
				VALIDATE_PRODUCT = YES;
			};
			name = Release;
		};
		25EA6F661CF7EDE3004C1FF1 /* Debug */ = {
			isa = XCBuildConfiguration;
			baseConfigurationReference = D4D2AED2A7273C537843CB3B /* Pods.debug.xcconfig */;
			buildSettings = {
				ASSETCATALOG_COMPILER_APPICON_NAME = AppIcon;
				GCC_PREFIX_HEADER = "$(SRCROOT)/MyApp/PrefixHeader.pch";
				INFOPLIST_FILE = MyApp/Info.plist;
				LD_RUNPATH_SEARCH_PATHS = "$(inherited) @executable_path/Frameworks";
				PRODUCT_BUNDLE_IDENTIFIER = bitzsoft.MyApp;
				PRODUCT_NAME = "$(TARGET_NAME)";
			};
			name = Debug;
		};
		25EA6F671CF7EDE3004C1FF1 /* Release */ = {
			isa = XCBuildConfiguration;
			baseConfigurationReference = 0F22EEEB96FF85D4D7D9F3F7 /* Pods.release.xcconfig */;
			buildSettings = {
				ASSETCATALOG_COMPILER_APPICON_NAME = AppIcon;
				GCC_PREFIX_HEADER = "$(SRCROOT)/MyApp/PrefixHeader.pch";
				INFOPLIST_FILE = MyApp/Info.plist;
				LD_RUNPATH_SEARCH_PATHS = "$(inherited) @executable_path/Frameworks";
				PRODUCT_BUNDLE_IDENTIFIER = bitzsoft.MyApp;
				PRODUCT_NAME = "$(TARGET_NAME)";
			};
			name = Release;
		};
		25EA6F691CF7EDE3004C1FF1 /* Debug */ = {
			isa = XCBuildConfiguration;
			buildSettings = {
				BUNDLE_LOADER = "$(TEST_HOST)";
				INFOPLIST_FILE = MyAppTests/Info.plist;
				LD_RUNPATH_SEARCH_PATHS = "$(inherited) @executable_path/Frameworks @loader_path/Frameworks";
				PRODUCT_BUNDLE_IDENTIFIER = bitzsoft.MyAppTests;
				PRODUCT_NAME = "$(TARGET_NAME)";
				TEST_HOST = "$(BUILT_PRODUCTS_DIR)/MyApp.app/MyApp";
			};
			name = Debug;
		};
		25EA6F6A1CF7EDE3004C1FF1 /* Release */ = {
			isa = XCBuildConfiguration;
			buildSettings = {
				BUNDLE_LOADER = "$(TEST_HOST)";
				INFOPLIST_FILE = MyAppTests/Info.plist;
				LD_RUNPATH_SEARCH_PATHS = "$(inherited) @executable_path/Frameworks @loader_path/Frameworks";
				PRODUCT_BUNDLE_IDENTIFIER = bitzsoft.MyAppTests;
				PRODUCT_NAME = "$(TARGET_NAME)";
				TEST_HOST = "$(BUILT_PRODUCTS_DIR)/MyApp.app/MyApp";
			};
			name = Release;
		};
		25EA6F6C1CF7EDE3004C1FF1 /* Debug */ = {
			isa = XCBuildConfiguration;
			buildSettings = {
				INFOPLIST_FILE = MyAppUITests/Info.plist;
				LD_RUNPATH_SEARCH_PATHS = "$(inherited) @executable_path/Frameworks @loader_path/Frameworks";
				PRODUCT_BUNDLE_IDENTIFIER = bitzsoft.MyAppUITests;
				PRODUCT_NAME = "$(TARGET_NAME)";
				TEST_TARGET_NAME = MyApp;
				USES_XCTRUNNER = YES;
			};
			name = Debug;
		};
		25EA6F6D1CF7EDE3004C1FF1 /* Release */ = {
			isa = XCBuildConfiguration;
			buildSettings = {
				INFOPLIST_FILE = MyAppUITests/Info.plist;
				LD_RUNPATH_SEARCH_PATHS = "$(inherited) @executable_path/Frameworks @loader_path/Frameworks";
				PRODUCT_BUNDLE_IDENTIFIER = bitzsoft.MyAppUITests;
				PRODUCT_NAME = "$(TARGET_NAME)";
				TEST_TARGET_NAME = MyApp;
				USES_XCTRUNNER = YES;
			};
			name = Release;
		};
/* End XCBuildConfiguration section */

/* Begin XCConfigurationList section */
		25EA6F331CF7EDE3004C1FF1 /* Build configuration list for PBXProject "MyApp" */ = {
			isa = XCConfigurationList;
			buildConfigurations = (
				25EA6F631CF7EDE3004C1FF1 /* Debug */,
				25EA6F641CF7EDE3004C1FF1 /* Release */,
			);
			defaultConfigurationIsVisible = 0;
			defaultConfigurationName = Release;
		};
		25EA6F651CF7EDE3004C1FF1 /* Build configuration list for PBXNativeTarget "MyApp" */ = {
			isa = XCConfigurationList;
			buildConfigurations = (
				25EA6F661CF7EDE3004C1FF1 /* Debug */,
				25EA6F671CF7EDE3004C1FF1 /* Release */,
			);
			defaultConfigurationIsVisible = 0;
			defaultConfigurationName = Release;
		};
		25EA6F681CF7EDE3004C1FF1 /* Build configuration list for PBXNativeTarget "MyAppTests" */ = {
			isa = XCConfigurationList;
			buildConfigurations = (
				25EA6F691CF7EDE3004C1FF1 /* Debug */,
				25EA6F6A1CF7EDE3004C1FF1 /* Release */,
			);
			defaultConfigurationIsVisible = 0;
			defaultConfigurationName = Release;
		};
		25EA6F6B1CF7EDE3004C1FF1 /* Build configuration list for PBXNativeTarget "MyAppUITests" */ = {
			isa = XCConfigurationList;
			buildConfigurations = (
				25EA6F6C1CF7EDE3004C1FF1 /* Debug */,
				25EA6F6D1CF7EDE3004C1FF1 /* Release */,
			);
			defaultConfigurationIsVisible = 0;
			defaultConfigurationName = Release;
		};
/* End XCConfigurationList section */
	};
	rootObject = 25EA6F301CF7EDE3004C1FF1 /* Project object */;
}
